git.foxminded.ua/foxstudent106270/telegramapi.git v0.0.0-20231218133609-aba4575813bb h1:gUTalOnz9PlcDbPsx851TBqGWLRBLRgR39ea4VU/R0I=
git.foxminded.ua/foxstudent106270/telegramapi.git v0.0.0-20231218133609-aba4575813bb/go.mod h1:NZOxdnuPIozYX5tdk7UAdeMwicmVfYRbQ0IP+uMNNy0=
git.foxminded.ua/foxstudent106270/telegramapi.git v0.0.0-20231218164450-096ee93abc28 h1:552+HLXx3qLCtEdBPccb8EMbLhoqBatPPPirwxXEDCw=
git.foxminded.ua/foxstudent106270/telegramapi.git v0.0.0-20231218164450-096ee93abc28/go.mod h1:NZOxdnuPIozYX5tdk7UAdeMwicmVfYRbQ0IP+uMNNy0=
git.foxminded.ua/foxstudent106270/telegramapi.git v0.0.0-20231218165756-744c84970f38 h1:ivQTrqqYssKlqYTvka+DDpjPv024fHdccLofwDxr3c8=
git.foxminded.ua/foxstudent106270/telegramapi.git v0.0.0-20231218165756-744c84970f38/go.mod h1:NZOxdnuPIozYX5tdk7UAdeMwicmVfYRbQ0IP+uMNNy0=
git.foxminded.ua/foxstudent106270/telegramapi.git v0.0.0-20231218170048-8d2cca03baf5 h1:rk71VdHgl9CqyHeWVmKekZiCREbIExBR+d0fjSrShUE=
git.foxminded.ua/foxstudent106270/telegramapi.git v0.0.0-20231218170048-8d2cca03baf5/go.mod h1:NZOxdnuPIozYX5tdk7UAdeMwicmVfYRbQ0IP+uMNNy0=
github.com/c1kzy/Telegram-API v0.0.0-20240104140719-a543285a55ef h1:XL1k6ck3ellsmzsOdfVIr+U+snv9sncJ8aO1iltrlyM=
github.com/c1kzy/Telegram-API v0.0.0-20240104140719-a543285a55ef/go.mod h1:oBip5j6DtcB7oZQMX0nHqdjOUoKCyRK3tfhyciHIS20=
github.com/caarlos0/env/v10 v10.0.0 h1:yIHUBZGsyqCnpTkbjk8asUlx6RFhhEs+h7TOBdgdzXA=
github.com/caarlos0/env/v10 v10.0.0/go.mod h1:ZfulV76NvVPw3tm591U4SwL3Xx9ldzBP9aGxzeN7G18=
github.com/davecgh/go-spew v1.1.0/go.mod h1:J7Y8YcW2NihsgmVo/mv3lAwl/skON4iLHjSsI+c5H38=
github.com/davecgh/go-spew v1.1.1 h1:vj9j/u1bqnvCEfJOwUhtlOARqs3+rkHYY13jYWTU97c=
github.com/davecgh/go-spew v1.1.1/go.mod h1:J7Y8YcW2NihsgmVo/mv3lAwl/skON4iLHjSsI+c5H38=
github.com/joho/godotenv v1.5.1 h1:7eLL/+HRGLY0ldzfGMeQkb7vMd0as4CfYvUVzLqw0N0=
github.com/joho/godotenv v1.5.1/go.mod h1:f4LDr5Voq0i2e/R5DDNOoa2zzDfwtkZa6DnEwAbqwq4=
github.com/phuslu/log v1.0.88 h1:kivXMpYQ2hd9BxiJNhRM5xnaEZaGunQYlnRQdk/aBw8=
github.com/phuslu/log v1.0.88/go.mod h1:F8osGJADo5qLK/0F88djWwdyoZZ9xDJQL1HYRHFEkS0=
github.com/pmezard/go-difflib v1.0.0 h1:4DBwDE0NGyQoBHbLQYPwSUPoCMWR5BEzIk/f1lZbAQM=
github.com/pmezard/go-difflib v1.0.0/go.mod h1:iKH77koFhYxTK1pcRnkKkqfTogsbg7gZNVY4sRDYZ/4=
github.com/stretchr/objx v0.1.0/go.mod h1:HFkY916IF+rwdDfMAkV7OtwuqBVzrE8GR6GFx+wExME=
github.com/stretchr/objx v0.4.0/go.mod h1:YvHI0jy2hoMjB+UWwv71VJQ9isScKT/TqJzVSSt89Yw=
github.com/stretchr/objx v0.5.0 h1:1zr/of2m5FGMsad5YfcqgdqdWrIhu+EBEJRhR1U7z/c=
github.com/stretchr/objx v0.5.0/go.mod h1:Yh+to48EsGEfYuaHDzXPcE3xhTkx73EhmCGUpEOglKo=
github.com/stretchr/testify v1.7.1/go.mod h1:6Fq8oRcR53rry900zMqJjRRixrwX3KX962/h/Wwjteg=
github.com/stretchr/testify v1.8.0/go.mod h1:yNjHg4UonilssWZ8iaSj1OCr/vHnekPRkoO+kdMU+MU=
github.com/stretchr/testify v1.8.4 h1:CcVxjf3Q8PM0mHUKJCdn+eZZtm5yQwehR5yeSVQQcUk=
github.com/stretchr/testify v1.8.4/go.mod h1:sz/lmYIOXD/1dqDmKjjqLyZ2RngseejIcXlSw2iwfAo=
github.com/zsefvlol/timezonemapper v1.0.0 h1:HXqkOzf01gXYh2nDQcDSROikFgMaximnhE8BY9SyF6E=
github.com/zsefvlol/timezonemapper v1.0.0/go.mod h1:cVUCOLEmc/VvOMusEhpd2G/UBtadL26ZVz2syODXDoQ=
gopkg.in/check.v1 v0.0.0-20161208181325-20d25e280405 h1:yhCVgyC4o1eVCa2tZl7eS0r+SDo693bJlVdllGtEeKM=
gopkg.in/check.v1 v0.0.0-20161208181325-20d25e280405/go.mod h1:Co6ibVJAznAaIkqp8huTwlJQCZ016jof/cbN4VW5Yz0=
gopkg.in/yaml.v3 v3.0.0-20200313102051-9f266ea9e77c/go.mod h1:K4uyk7z7BCEPqu6E+C64Yfv1cQ7kz7rIZviUmN+EgEM=
gopkg.in/yaml.v3 v3.0.1 h1:fxVm/GzAzEWqLHuvctI91KS9hhNmmWOoWu0XTYJS7CA=
gopkg.in/yaml.v3 v3.0.1/go.mod h1:K4uyk7z7BCEPqu6E+C64Yfv1cQ7kz7rIZviUmN+EgEM=
